
Microsoft Visual Studio Solution File, Format Version 10.00
# Visual Studio 2008
Project("{8BC9CEB8-8B4A-11D0-8D11-00A0C91BC942}") = "sysreadern", "sysreadern.vcproj", "{A176D538-1AD3-44AF-A802-AB574DAC5FF7}"
EndProject
Global
	GlobalSection(SolutionConfigurationPlatforms) = preSolution
		Debug|Win32 = Debug|Win32
		Release|Win32 = Release|Win32
		sysreadern|Win32 = sysreadern|Win32
	EndGlobalSection
	GlobalSection(ProjectConfigurationPlatforms) = postSolution
		{A176D538-1AD3-44AF-A802-AB574DAC5FF7}.Debug|Win32.ActiveCfg = Debug|Win32
		{A176D538-1AD3-44AF-A802-AB574DAC5FF7}.Debug|Win32.Build.0 = Debug|Win32
		{A176D538-1AD3-44AF-A802-AB574DAC5FF7}.Release|Win32.ActiveCfg = Release|Win32
		{A176D538-1AD3-44AF-A802-AB574DAC5FF7}.Release|Win32.Build.0 = Release|Win32
		{A176D538-1AD3-44AF-A802-AB574DAC5FF7}.sysreadern|Win32.ActiveCfg = sysreadern|Win32
		{A176D538-1AD3-44AF-A802-AB574DAC5FF7}.sysreadern|Win32.Build.0 = sysreadern|Win32
	EndGlobalSection
	GlobalSection(SolutionProperties) = preSolution
		HideSolutionNode = FALSE
	EndGlobalSection
EndGlobal
